github.com/ImSingee/tt v1.0.3 h1:B6ozbqHn6inPe97Z3SCPT9A+PMZXWsyDsVGd9Aim0r0=
github.com/ImSingee/tt v1.0.3/go.mod h1:7O7v+cIBruYWGFObw85DDjH0gNLquen1cJqMR3GOgxw=
golang.org/x/sys v0.0.0-20210910150752-751e447fb3d0 h1:xrCZDmdtoloIiooiA9q0OQb9r8HejIHYoHGhGCe1pGg=
golang.org/x/sys v0.0.0-20210910150752-751e447fb3d0/go.mod h1:oPkhp1MJrh7nUepCBck5+mAzfO9JrbApNNgaTdGDITg=
